
Microsoft Visual Studio Solution File, Format Version 12.00
# Visual Studio Version 16
VisualStudioVersion = 16.0.31105.61
MinimumVisualStudioVersion = 10.0.40219.1
Project("{FAE04EC0-301F-11D3-BF4B-00C04F79EFBC}") = "TransportLibrary", "TransportLibrary\TransportLibrary.csproj", "{0951DE86-99D5-4D94-8CB1-B0DCA9CA0C5F}"
EndProject
Project("{FAE04EC0-301F-11D3-BF4B-00C04F79EFBC}") = "WPF", "WPF\WPF.csproj", "{D7C95732-8B73-4ECF-8BAD-123D746F82CB}"
EndProject
Global
	GlobalSection(SolutionConfigurationPlatforms) = preSolution
		Debug|Any CPU = Debug|Any CPU
		Release|Any CPU = Release|Any CPU
	EndGlobalSection
	GlobalSection(ProjectConfigurationPlatforms) = postSolution
		{0951DE86-99D5-4D94-8CB1-B0DCA9CA0C5F}.Debug|Any CPU.ActiveCfg = Debug|Any CPU
		{0951DE86-99D5-4D94-8CB1-B0DCA9CA0C5F}.Debug|Any CPU.Build.0 = Debug|Any CPU
		{0951DE86-99D5-4D94-8CB1-B0DCA9CA0C5F}.Release|Any CPU.ActiveCfg = Release|Any CPU
		{0951DE86-99D5-4D94-8CB1-B0DCA9CA0C5F}.Release|Any CPU.Build.0 = Release|Any CPU
		{D7C95732-8B73-4ECF-8BAD-123D746F82CB}.Debug|Any CPU.ActiveCfg = Debug|Any CPU
		{D7C95732-8B73-4ECF-8BAD-123D746F82CB}.Debug|Any CPU.Build.0 = Debug|Any CPU
		{D7C95732-8B73-4ECF-8BAD-123D746F82CB}.Release|Any CPU.ActiveCfg = Release|Any CPU
		{D7C95732-8B73-4ECF-8BAD-123D746F82CB}.Release|Any CPU.Build.0 = Release|Any CPU
	EndGlobalSection
	GlobalSection(SolutionProperties) = preSolution
		HideSolutionNode = FALSE
	EndGlobalSection
	GlobalSection(ExtensibilityGlobals) = postSolution
		SolutionGuid = {9512FA80-568D-4C7E-99C9-297CEA2CEF24}
	EndGlobalSection
EndGlobal
