
Microsoft Visual Studio Solution File, Format Version 12.00
# Visual Studio Version 16
VisualStudioVersion = 16.0.30709.132
MinimumVisualStudioVersion = 10.0.40219.1
Project("{FAE04EC0-301F-11D3-BF4B-00C04F79EFBC}") = "WareHouseApiApp", "WareHouseApiApp.csproj", "{FB107ECC-DAB8-430C-9456-7C455AF5A653}"
EndProject
Global
	GlobalSection(SolutionConfigurationPlatforms) = preSolution
		Debug|Any CPU = Debug|Any CPU
		Release|Any CPU = Release|Any CPU
	EndGlobalSection
	GlobalSection(ProjectConfigurationPlatforms) = postSolution
		{FB107ECC-DAB8-430C-9456-7C455AF5A653}.Debug|Any CPU.ActiveCfg = Debug|Any CPU
		{FB107ECC-DAB8-430C-9456-7C455AF5A653}.Debug|Any CPU.Build.0 = Debug|Any CPU
		{FB107ECC-DAB8-430C-9456-7C455AF5A653}.Release|Any CPU.ActiveCfg = Release|Any CPU
		{FB107ECC-DAB8-430C-9456-7C455AF5A653}.Release|Any CPU.Build.0 = Release|Any CPU
	EndGlobalSection
	GlobalSection(SolutionProperties) = preSolution
		HideSolutionNode = FALSE
	EndGlobalSection
	GlobalSection(ExtensibilityGlobals) = postSolution
		SolutionGuid = {58529C19-B5EC-44A3-9CBA-5610438B89A1}
	EndGlobalSection
EndGlobal
